
Microsoft Visual Studio Solution File, Format Version 12.00
# Visual Studio 14
VisualStudioVersion = 14.0.25420.1
MinimumVisualStudioVersion = 10.0.40219.1
Project("{2150E333-8FDC-42A3-9474-1A3956D46DE8}") = "src", "src", "{4561DCD8-2CF9-42B7-BCF0-37B2D4BE70B5}"
EndProject
Project("{2150E333-8FDC-42A3-9474-1A3956D46DE8}") = "Solution Items", "Solution Items", "{BF248E04-797C-4FB4-9192-59D5552C6ADB}"
	ProjectSection(SolutionItems) = preProject
		global.json = global.json
	EndProjectSection
EndProject
Project("{8BB2217D-0F2D-49D1-97BC-3654ED321F3B}") = "WebApplication2", "src\WebApplication2\WebApplication2.xproj", "{B480883D-53F3-4EF4-850F-23A7120312B4}"
EndProject
Project("{8BB2217D-0F2D-49D1-97BC-3654ED321F3B}") = "Shared", "src\Shared\Shared.xproj", "{1DC715CE-CDDA-4411-B37F-4E9FA7E884F9}"
EndProject
Global
	GlobalSection(SolutionConfigurationPlatforms) = preSolution
		Debug|Any CPU = Debug|Any CPU
		Release|Any CPU = Release|Any CPU
	EndGlobalSection
	GlobalSection(ProjectConfigurationPlatforms) = postSolution
		{B480883D-53F3-4EF4-850F-23A7120312B4}.Debug|Any CPU.ActiveCfg = Debug|Any CPU
		{B480883D-53F3-4EF4-850F-23A7120312B4}.Debug|Any CPU.Build.0 = Debug|Any CPU
		{B480883D-53F3-4EF4-850F-23A7120312B4}.Release|Any CPU.ActiveCfg = Release|Any CPU
		{B480883D-53F3-4EF4-850F-23A7120312B4}.Release|Any CPU.Build.0 = Release|Any CPU
		{1DC715CE-CDDA-4411-B37F-4E9FA7E884F9}.Debug|Any CPU.ActiveCfg = Debug|Any CPU
		{1DC715CE-CDDA-4411-B37F-4E9FA7E884F9}.Debug|Any CPU.Build.0 = Debug|Any CPU
		{1DC715CE-CDDA-4411-B37F-4E9FA7E884F9}.Release|Any CPU.ActiveCfg = Release|Any CPU
		{1DC715CE-CDDA-4411-B37F-4E9FA7E884F9}.Release|Any CPU.Build.0 = Release|Any CPU
	EndGlobalSection
	GlobalSection(SolutionProperties) = preSolution
		HideSolutionNode = FALSE
	EndGlobalSection
	GlobalSection(NestedProjects) = preSolution
		{B480883D-53F3-4EF4-850F-23A7120312B4} = {4561DCD8-2CF9-42B7-BCF0-37B2D4BE70B5}
		{1DC715CE-CDDA-4411-B37F-4E9FA7E884F9} = {4561DCD8-2CF9-42B7-BCF0-37B2D4BE70B5}
	EndGlobalSection
EndGlobal
